{
  "name": "react-native-dialog-context",
  "version": "1.0.0",
  "lockfileVersion": 1,
  "requires": true,
  "dependencies": {
    "@types/prop-types": {
      "version": "15.5.4",
      "resolved": "http://registry.npm.taobao.org/@types/prop-types/download/@types/prop-types-15.5.4.tgz",
      "integrity": "sha1-nmGZutExeG4kwrqiqCcFoCE5+/g=",
      "dev": true,
      "requires": {
        "@types/react": "*"
      }
    },
    "@types/react": {
      "version": "16.4.8",
      "resolved": "http://registry.npm.taobao.org/@types/react/download/@types/react-16.4.8.tgz",
      "integrity": "sha1-/wRAQpeD3wknvc1DD6EiX3wIzzY=",
      "dev": true,
      "requires": {
        "@types/prop-types": "*",
        "csstype": "^2.2.0"
      }
    },
    "@types/react-native": {
      "version": "0.56.6",
      "resolved": "http://registry.npm.taobao.org/@types/react-native/download/@types/react-native-0.56.6.tgz",
      "integrity": "sha1-2cYOHflewEAvqVYiVVjIpI838j8=",
      "dev": true,
      "requires": {
        "@types/react": "*"
      }
    },
    "csstype": {
      "version": "2.5.6",
      "resolved": "http://registry.npm.taobao.org/csstype/download/csstype-2.5.6.tgz",
      "integrity": "sha1-KuHbIxlkLYuApmjS0CXGGWBx54g=",
      "dev": true
    }
  }
}
